
Microsoft Visual Studio Solution File, Format Version 12.00
# Visual Studio Version 16
VisualStudioVersion = 16.0.30503.244
MinimumVisualStudioVersion = 10.0.40219.1
Project("{FAE04EC0-301F-11D3-BF4B-00C04F79EFBC}") = "Bài 5 (chứa 4 bài 1-4)", "Bài 5 (chứa 4 bài 1-4)\Bài 5 (chứa 4 bài 1-4).csproj", "{24EF1C18-391C-4471-902F-FB1F727F4005}"
EndProject
Global
	GlobalSection(SolutionConfigurationPlatforms) = preSolution
		Debug|Any CPU = Debug|Any CPU
		Release|Any CPU = Release|Any CPU
	EndGlobalSection
	GlobalSection(ProjectConfigurationPlatforms) = postSolution
		{24EF1C18-391C-4471-902F-FB1F727F4005}.Debug|Any CPU.ActiveCfg = Debug|Any CPU
		{24EF1C18-391C-4471-902F-FB1F727F4005}.Debug|Any CPU.Build.0 = Debug|Any CPU
		{24EF1C18-391C-4471-902F-FB1F727F4005}.Release|Any CPU.ActiveCfg = Release|Any CPU
		{24EF1C18-391C-4471-902F-FB1F727F4005}.Release|Any CPU.Build.0 = Release|Any CPU
	EndGlobalSection
	GlobalSection(SolutionProperties) = preSolution
		HideSolutionNode = FALSE
	EndGlobalSection
	GlobalSection(ExtensibilityGlobals) = postSolution
		SolutionGuid = {17B46B28-0979-4932-92D8-45645D75B585}
	EndGlobalSection
EndGlobal
