
Microsoft Visual Studio Solution File, Format Version 12.00
# Visual Studio Version 16
VisualStudioVersion = 16.0.30503.244
MinimumVisualStudioVersion = 10.0.40219.1
Project("{FAE04EC0-301F-11D3-BF4B-00C04F79EFBC}") = "bai 1", "bai 1\bai 1.csproj", "{909847E2-8F75-4B47-BD86-818C3E876CCB}"
EndProject
Global
	GlobalSection(SolutionConfigurationPlatforms) = preSolution
		Debug|Any CPU = Debug|Any CPU
		Release|Any CPU = Release|Any CPU
	EndGlobalSection
	GlobalSection(ProjectConfigurationPlatforms) = postSolution
		{909847E2-8F75-4B47-BD86-818C3E876CCB}.Debug|Any CPU.ActiveCfg = Debug|Any CPU
		{909847E2-8F75-4B47-BD86-818C3E876CCB}.Debug|Any CPU.Build.0 = Debug|Any CPU
		{909847E2-8F75-4B47-BD86-818C3E876CCB}.Release|Any CPU.ActiveCfg = Release|Any CPU
		{909847E2-8F75-4B47-BD86-818C3E876CCB}.Release|Any CPU.Build.0 = Release|Any CPU
	EndGlobalSection
	GlobalSection(SolutionProperties) = preSolution
		HideSolutionNode = FALSE
	EndGlobalSection
	GlobalSection(ExtensibilityGlobals) = postSolution
		SolutionGuid = {3D0EBEDD-2210-4C73-84BA-06DC2366BF57}
	EndGlobalSection
EndGlobal
